version = 1
revision = 3
requires-python = "==3.13.0"

[[package]]
name = "annotated-types"
version = "0.7.0"
source = { registry = "https://pypi.org/simple" }
sdist = { url = "https://files.pythonhosted.org/packages/ee/67/531ea369ba64dcff5ec9c3402f9f51bf748cec26dde048a2f973a4eea7f5/annotated_types-0.7.0.tar.gz", hash = "sha256:aff07c09a53a08bc8cfccb9c85b05f1aa9a2a6f23728d790723543408344ce89", size = 16081, upload-time = "2024-05-20T21:33:25.928Z" }
wheels = [
    { url = "https://files.pythonhosted.org/packages/78/b6/6307fbef88d9b5ee7421e68d78a9f162e0da4900bc5f5793f6d3d0e34fb8/annotated_types-0.7.0-py3-none-any.whl", hash = "sha256:1f02e8b43a8fbbc3f3e0d4f0f4bfc8131bcb4eebe8849b8e5c773f3a1c582a53", size = 13643, upload-time = "2024-05-20T21:33:24.1Z" },
]

[[package]]
name = "aws-lambda-powertools"
version = "3.18.0"
source = { registry = "https://pypi.org/simple" }
dependencies = [
    { name = "jmespath" },
    { name = "typing-extensions" },
]
sdist = { url = "https://files.pythonhosted.org/packages/0b/d9/5ba420bbe1aef011559e035a1d1ef82a6d30500610116e7feb2f2b5dcda7/aws_lambda_powertools-3.18.0.tar.gz", hash = "sha256:74f484b03dfb733769828bf8e9f33ac427cd57c477a9ceae2dc19f643051e3c3", size = 686276, upload-time = "2025-07-29T08:22:50.901Z" }
wheels = [
    { url = "https://files.pythonhosted.org/packages/42/b1/ca638f5ce0f4d1c4c75412342c08d124142facf89104f9d3659e9c395c63/aws_lambda_powertools-3.18.0-py3-none-any.whl", hash = "sha256:5afb230abf4e64bce00d35e858a4e83ae99c667f648c1f4d246e4bb022715df8", size = 828005, upload-time = "2025-07-29T08:22:48.807Z" },
]

[[package]]
name = "boto3"
version = "1.40.7"
source = { registry = "https://pypi.org/simple" }
dependencies = [
    { name = "botocore" },
    { name = "jmespath" },
    { name = "s3transfer" },
]
sdist = { url = "https://files.pythonhosted.org/packages/58/5a/f31556d817e872c2723196a34b197d971d78297b22b8bae0ae6d93f7f9c1/boto3-1.40.7.tar.gz", hash = "sha256:61b15f70761f1eadd721c6ba41a92658f003eaaef09500ca7642f5ae68ec8945", size = 111989, upload-time = "2025-08-11T19:20:45.824Z" }
wheels = [
    { url = "https://files.pythonhosted.org/packages/41/e3/f2a77f4809ffe4e896c2e6186db88333ae980f52a91b28e9fd068d8f5506/boto3-1.40.7-py3-none-any.whl", hash = "sha256:8727cac601a679d2885dc78b8119a0548bbbe04e49b72f7d94021a629154c080", size = 140061, upload-time = "2025-08-11T19:20:43.173Z" },
]

[[package]]
name = "botocore"
version = "1.40.7"
source = { registry = "https://pypi.org/simple" }
dependencies = [
    { name = "jmespath" },
    { name = "python-dateutil" },
    { name = "urllib3" },
]
sdist = { url = "https://files.pythonhosted.org/packages/73/d7/5e559918410b259c1e54a4646ff39c56433e1c9cefa5e66ab0f06716cee8/botocore-1.40.7.tar.gz", hash = "sha256:33793696680cf3a0c4b5ace4f9070c67c4d4fcb19c999fd85cfee55de3dcf913", size = 14318282, upload-time = "2025-08-11T19:20:33.348Z" }
wheels = [
    { url = "https://files.pythonhosted.org/packages/b1/fa/bb7ec68b24d1b4678d341a305cbfed78a593e6383c86a70727410e4d0e11/botocore-1.40.7-py3-none-any.whl", hash = "sha256:a06956f3d7222e80ef6ae193608f358c3b7898e1a2b88553479d8f9737fbb03e", size = 13981488, upload-time = "2025-08-11T19:20:27.303Z" },
]

[[package]]
name = "cffi"
version = "2.1.1"
source = { registry = "https://pypi.org/simple" }
dependencies = [
    { name = "pycparser", marker = "implementation_name != 'PyPy'" },
]
sdist = { url = "https://files.pythonhosted.org/packages/9e/ef/008a1939e372c06329a3fce4279c02f328488f3526744906eeec3da7ad5f/cffi-2.1.1.tar.gz", hash = "sha256:dd31f52ea1086513bb9df30f8fcee9b8918323ae067a3d5b78bc826a000712be", size = 530807, upload-time = "2026-08-03T21:21:18.939Z" }
wheels = [
    { url = "https://files.pythonhosted.org/packages/9d/f4/035513d4117049066b4779dc3b7c0c0fdad175fa13731c9f4003f1cd1478/cffi-2.1.1-cp313-cp313-ios_13_0_arm64_iphoneos.whl", hash = "sha256:b5bdfd1c873d4e093aabc0ca84c4ca6dbc4f752afb5c86f146d9742580c9da2e", size = 194248, upload-time = "2026-08-03T21:19:59.399Z" },
    { url = "https://files.pythonhosted.org/packages/76/af/2aeb4dbb5fc41a04161ae9ff1518de7cec08e164f44a8ce6a4cf7fd2cd1d/cffi-2.1.1-cp313-cp313-ios_13_0_arm64_iphonesimulator.whl", hash = "sha256:31348097ff5bbe827ccc41795d4dd099d9f0625e7def00ee653c137a490c2a6c", size = 196908, upload-time = "2026-08-03T21:20:00.746Z" },
    { url = "https://files.pythonhosted.org/packages/a7/46/2e5fdde8555706dd98139a910ca11be02809f3f605ce956f655d0214e100/cffi-2.1.1-cp313-cp313-macosx_10_15_x86_64.whl", hash = "sha256:9d2055050ea716bd38b7f7f1579c275386646b4894c155a3e2f3cd62ed41b7c6", size = 184805, upload-time = "2026-08-03T21:20:02.02Z" },
    { url = "https://files.pythonhosted.org/packages/55/41/4c7042f317b9217502988f0873af87e16ad606dc20f84e546e3e6ce9764c/cffi-2.1.1-cp313-cp313-macosx_11_0_arm64.whl", hash = "sha256:19ee6127ee34de7d83ce3d371ebc5ed91addbdcc39f9ab15ce4eb35a4e534971", size = 184764, upload-time = "2026-08-03T21:20:03.141Z" },
    { url = "https://files.pythonhosted.org/packages/43/1f/1c3d90d91811c8f86ced9ed637956c54bfe5b79ca98fe976d7f8c8979f6b/cffi-2.1.1-cp313-cp313-manylinux1_i686.manylinux2014_i686.manylinux_2_17_i686.manylinux_2_5_i686.whl", hash = "sha256:6a8dddef476fab96d066d578fc88526767b836ab5ab21754e1d5bf3879c31c7c", size = 214722, upload-time = "2026-08-03T21:20:04.377Z" },
    { url = "https://files.pythonhosted.org/packages/37/6f/3b5ce4c3b2192d250f04908f2bfd91ef34552ec8f7716a5d4abdb8d67bb2/cffi-2.1.1-cp313-cp313-manylinux2014_aarch64.manylinux_2_17_aarch64.whl", hash = "sha256:f16c709686a78c727bbbf059f92b0bf41c6fc60deec706d2dc19f529175a6125", size = 222369, upload-time = "2026-08-03T21:20:05.544Z" },
    { url = "https://files.pythonhosted.org/packages/02/10/4b3c75dde3d9663c9e02ba05c2668b954f671d4bbe346413ca8c696b295a/cffi-2.1.1-cp313-cp313-manylinux2014_ppc64le.manylinux_2_17_ppc64le.whl", hash = "sha256:fcd22650c908d7b7da162bbfaab594a1227a15d1643a98c68b122ac642fa2264", size = 210175, upload-time = "2026-08-03T21:20:06.75Z" },
    { url = "https://files.pythonhosted.org/packages/df/62/14f74b9543e605d17701dc797b815958b8bb70b7624ce1b832ddad48ed6c/cffi-2.1.1-cp313-cp313-manylinux2014_s390x.manylinux_2_17_s390x.whl", hash = "sha256:aa9511c62d14da7aacc9b4bf51f3f697a621e83b2d6919008243c3aad168eea3", size = 208670, upload-time = "2026-08-03T21:20:08.04Z" },
    { url = "https://files.pythonhosted.org/packages/95/95/86342356ff5953b3fb06f7ef7c5bee212d45e770abc7218d451b9148313c/cffi-2.1.1-cp313-cp313-manylinux2014_x86_64.manylinux_2_17_x86_64.whl", hash = "sha256:a931079504ecc49efed7744c476a5c343a92fabf66dec2db95edb1b2fdc770e2", size = 221824, upload-time = "2026-08-03T21:20:09.274Z" },
    { url = "https://files.pythonhosted.org/packages/eb/ff/7b3429ff53aafe931ed8a5fc69f481bbef7ba6de87ddcbb63d08f483f613/cffi-2.1.1-cp313-cp313-musllinux_1_2_aarch64.whl", hash = "sha256:a2d7755bef5a12ed488f4ef1f1b69ee9191d7396083b755a5d2295f6edb4768b", size = 225148, upload-time = "2026-08-03T21:20:10.7Z" },
    { url = "https://files.pythonhosted.org/packages/34/34/a95870b9221e09cf4f2ce3178b1a210abdfe63a1bd357da940418d7b8d15/cffi-2.1.1-cp313-cp313-musllinux_1_2_x86_64.whl", hash = "sha256:e0bcb7e0f677f543555d2adff3bf19c05f66cdb4796e5ff602442ab2fe3c4ef7", size = 223564, upload-time = "2026-08-03T21:20:12.165Z" },
    { url = "https://files.pythonhosted.org/packages/70/ea/839b50531021a647fb5e929f72cf97bc1ff702b5472166164b5b6e76b851/cffi-2.1.1-cp313-cp313-win32.whl", hash = "sha256:334644fbac4eff73d985a17a91226df55d0f394160c4cfb880e084c8f7161cac", size = 175263, upload-time = "2026-08-03T21:20:13.559Z" },
    { url = "https://files.pythonhosted.org/packages/60/a6/8b149b2c3f2e11aaa1618ef64500b45f50f22c57a977a4dff1aff1f91042/cffi-2.1.1-cp313-cp313-win_amd64.whl", hash = "sha256:1aa5645c30469b09530c4ebca77ebf8f17618293c58f8549cb1a543a50236e7d", size = 185688, upload-time = "2026-08-03T21:20:14.69Z" },
    { url = "https://files.pythonhosted.org/packages/01/9a/11f687cb39d6a3504060d5242f04f48c735afb4d3d533958a20594890cb2/cffi-2.1.1-cp313-cp313-win_arm64.whl", hash = "sha256:63bbfd5ded17c4840ac07cd8f1c21ba9d9708141f840b324f422f41b207e3973", size = 180078, upload-time = "2026-08-03T21:20:15.917Z" },
]

[[package]]
name = "colorama"
version = "0.4.6"
source = { registry = "https://pypi.org/simple" }
sdist = { url = "https://files.pythonhosted.org/packages/d8/53/6f443c9a4a8358a93a6792e2acffb9d9d5cb0a5cfd8802644b7b1c9a02e4/colorama-0.4.6.tar.gz", hash = "sha256:08695f5cb7ed6e0531a20572697297273c47b8cae5a63ffc6d6ed5c201be6e44", size = 27697, upload-time = "2022-10-25T02:36:22.414Z" }
wheels = [
    { url = "https://files.pythonhosted.org/packages/d1/d6/3965ed04c63042e047cb6a3e6ed1a63a35087b6a609aa3a15ed8ac56c221/colorama-0.4.6-py2.py3-none-any.whl", hash = "sha256:4f1d9991f5acc0ca119f9d443620b77f9d6b33703e51011c16baf57afb285fc6", size = 25335, upload-time = "2022-10-25T02:36:20.889Z" },
]

[[package]]
name = "cryptography"
version = "50.0.2"
source = { registry = "https://pypi.org/simple" }
dependencies = [
    { name = "cffi", marker = "platform_python_implementation != 'PyPy'" },
]
sdist = { url = "https://files.pythonhosted.org/packages/9d/af/182eb91b0df3fe75c4d9f26fe70684569566745f6ba7e5c9c73a862c5252/cryptography-50.0.2.tar.gz", hash = "sha256:7b46165bb56eb4704e2eaaf86f3c940d19154535d9b0ca7d6d590b04060e00d5", size = 880623, upload-time = "2026-09-30T15:30:04.884Z" }
wheels = [
    { url = "https://files.pythonhosted.org/packages/e5/56/d194340cc4a57535e82e1bee9e89667ac4b7c13b5d3f59686deae3094dd5/cryptography-50.0.2-cp311-abi3-macosx_11_0_arm64.whl", hash = "sha256:fa8f5efb344d6908a1ce62f4a24e2e5780f825d6f53f5f50ec5ffacac72936cb", size = 3914904, upload-time = "2026-09-30T14:43:44.339Z" },
    { url = "https://files.pythonhosted.org/packages/d9/69/c9bd862c3bf43d6399c433caf002df16e2dffd4be49bdf515cda38038711/cryptography-50.0.2-cp311-abi3-manylinux2014_aarch64.manylinux_2_17_aarch64.whl", hash = "sha256:79def8d059362e7831389ed3be0ecdf58a89386e1271e35dd9f5af84e81bffd0", size = 4731146, upload-time = "2026-09-30T14:43:47.113Z" },
    { url = "https://files.pythonhosted.org/packages/21/69/64cef1f702bf6657e0cc186ed1a2891d50d29fb41586b254e1c07adea261/cryptography-50.0.2-cp311-abi3-manylinux2014_x86_64.manylinux_2_17_x86_64.whl", hash = "sha256:630ebfea3bf689d075f82316324ff7433dc447fe6bc1bfc76524b74b4a9567d2", size = 4719841, upload-time = "2026-09-30T14:43:49.01Z" },
    { url = "https://files.pythonhosted.org/packages/38/6b/61a3f8d8c5e1e49a6cddccafc4015cc1c0021360ab0acb4080e7a423644a/cryptography-50.0.2-cp311-abi3-manylinux_2_28_aarch64.whl", hash = "sha256:f9f6143a8c75945eb960d9eb98905a441394abfa24afaae239d514ffb2586480", size = 4738340, upload-time = "2026-09-30T14:43:50.932Z" },
    { url = "https://files.pythonhosted.org/packages/7b/2e/7212ca32fd43dc91f2f41db20160b268098874b4c9a0e7be94d6835f5b2e/cryptography-50.0.2-cp311-abi3-manylinux_2_28_ppc64le.whl", hash = "sha256:a582ab2ae1d34f67112cadc86702774c9ea4374df6bca6afe672817203c99134", size = 5367029, upload-time = "2026-09-30T14:43:52.911Z" },
    { url = "https://files.pythonhosted.org/packages/1a/f1/b474e930c4d910328780e3940da76f5aa5cbc48ce1fc14e44d239d9ea9db/cryptography-50.0.2-cp311-abi3-manylinux_2_28_x86_64.whl", hash = "sha256:4061c0079120205fb760c58acab6443e217307dcf05e3702cf970e0689972856", size = 4753050, upload-time = "2026-09-30T14:43:55.272Z" },
    { url = "https://files.pythonhosted.org/packages/7c/52/9af10e80ac16b0fcc2123f9cbd5e7afbd0fd5075bb7a607c592258a39cda/cryptography-50.0.2-cp311-abi3-manylinux_2_31_armv7l.whl", hash = "sha256:ac9ed99d81760c62fe89d5f0815cdfa1ba9a35141cf30f1c2d044f04b4803d2e", size = 4376724, upload-time = "2026-09-30T14:43:57.24Z" },
    { url = "https://files.pythonhosted.org/packages/71/37/6202e488cc1eb625ea110c292c6bda92823176e023f427d8d5660ce8d632/cryptography-50.0.2-cp311-abi3-manylinux_2_34_aarch64.whl", hash = "sha256:87e9ce85beb6b328ba370cc6e6aea483c92617b4c95b1d33a49297eb662bfb04", size = 4737859, upload-time = "2026-09-30T14:43:59.541Z" },
    { url = "https://files.pythonhosted.org/packages/8f/30/e86d7d518489b0ae2497091a35287abcb1a2ce4037837a34afbe9b1d6964/cryptography-50.0.2-cp311-abi3-manylinux_2_34_ppc64le.whl", hash = "sha256:f265528741e048bce55c3463ed721fb0aa45a5888d8add8cfeccb3035451bbdc", size = 5324103, upload-time = "2026-09-30T14:44:01.901Z" },
    { url = "https://files.pythonhosted.org/packages/d3/69/2c833a049475e0a3444e94c7d0aca0aa51d166374a449b09e92ac98138de/cryptography-50.0.2-cp311-abi3-manylinux_2_34_x86_64.whl", hash = "sha256:9dab55f57c74c3cad24c323bacbbd04be4705ba6eb0d92e920b1fc4837ed5079", size = 4752576, upload-time = "2026-09-30T14:44:04.545Z" },
    { url = "https://files.pythonhosted.org/packages/6c/5d/906970b83bbfc1f5bbfb677a143c181f2801f23b6a7204a3b47c42c97e65/cryptography-50.0.2-cp311-abi3-musllinux_1_2_aarch64.whl", hash = "sha256:25784ce8b9621c90c643efb9e1e2162ab3b0224cae446ad5e70e7fcb1ce18b51", size = 4870819, upload-time = "2026-09-30T14:44:06.884Z" },
    { url = "https://files.pythonhosted.org/packages/68/e3/f2298d3bb55e0c4a91841ec4d01b3f020ba8c5fbf15ccdcc6dcf03f97025/cryptography-50.0.2-cp311-abi3-musllinux_1_2_x86_64.whl", hash = "sha256:85d0d9a31b9098e98534226d5686b47264b95e62ce459dc2e62fdfc809f9fe93", size = 5030152, upload-time = "2026-09-30T14:44:09.443Z" },
    { url = "https://files.pythonhosted.org/packages/9a/4f/adfc442765721292fff86d314ce385d3249d22db42295c0dd057727b60f3/cryptography-50.0.2-cp311-abi3-win_amd64.whl", hash = "sha256:7afa5a6602a9f29af1f3a2965f831bae7c9d5d597b7cbb716d41ab3b7d89879c", size = 3824692, upload-time = "2026-09-30T14:44:11.671Z" },
    { url = "https://files.pythonhosted.org/packages/2d/49/93f6a6e7a87c9aa68d44d3e1cdb5fe8f60c90d5d2f46acae9a56892816b8/cryptography-50.0.2-cp315-abi3.abi3t-macosx_11_0_arm64.whl", hash = "sha256:edc3342adf8f697fc5f59c887a304356f147b397809440ed64e2fa6af2f50f37", size = 4133708, upload-time = "2026-09-30T14:44:41.807Z" },
    { url = "https://files.pythonhosted.org/packages/8c/75/32ac2a56243d778805c16ca6a32b8f74fb757df7e28d7ecb560afafb59cf/cryptography-50.0.2-cp315-abi3.abi3t-manylinux2014_aarch64.manylinux_2_17_aarch64.whl", hash = "sha256:d370b8d1dfcdf7130178137f6fbee6140774a1acc6cacefc4b42643ec11d0a3a", size = 4956267, upload-time = "2026-09-30T14:44:43.693Z" },
    { url = "https://files.pythonhosted.org/packages/aa/a4/2c8d734e43d97f0842ee9f1b7b4bfb3d0cf5e19edebf43c2afe6675c2320/cryptography-50.0.2-cp315-abi3.abi3t-manylinux2014_x86_64.manylinux_2_17_x86_64.whl", hash = "sha256:f2f9bd7f90c64fe89253f0a2c05e3c4856072660429ce8831b4235bf29403a67", size = 4966465, upload-time = "2026-09-30T14:44:45.769Z" },
    { url = "https://files.pythonhosted.org/packages/c2/58/ee288c829a6f41f6235ae9dd33d82fd19b45442b65b4c8a3da36963d9f7a/cryptography-50.0.2-cp315-abi3.abi3t-manylinux_2_28_aarch64.whl", hash = "sha256:e275096ea1e60cc595cda2836fd4a6c725d1125108b868be17f53684d164e2cc", size = 4959356, upload-time = "2026-09-30T14:44:48.211Z" },
    { url = "https://files.pythonhosted.org/packages/92/20/9ded6d51ddd9897f6b6e81fb9ebea7951d7cc5d6c890b0ed8abf77a51a80/cryptography-50.0.2-cp315-abi3.abi3t-manylinux_2_28_ppc64le.whl", hash = "sha256:b13478603dcd0a2479ff8e87e2c19a7d525734686fe3c49542472293a204212d", size = 5548822, upload-time = "2026-09-30T14:44:50.86Z" },
    { url = "https://files.pythonhosted.org/packages/02/a8/8df951850d6b31d2a00218f19e2b3f999523437ed7a819df7fa427942fca/cryptography-50.0.2-cp315-abi3.abi3t-manylinux_2_28_x86_64.whl", hash = "sha256:58a0c478eeca76fe5e07993c5a0703def34a6dc6a0cda4f5564639b33112ffe7", size = 5001199, upload-time = "2026-09-30T14:44:53.379Z" },
    { url = "https://files.pythonhosted.org/packages/8b/f9/36b3022218ce75b7cdf068fb95f809f9bd0d820e4955ef43b90c255cc7ac/cryptography-50.0.2-cp315-abi3.abi3t-manylinux_2_31_armv7l.whl", hash = "sha256:d38cdff612d06fa6a32840d5e1b1f7a27cee4a349aa9085d94a67789d6bfd408", size = 4629333, upload-time = "2026-09-30T14:44:55.635Z" },
    { url = "https://files.pythonhosted.org/packages/8c/72/20f99a219f6af47cdd1cbd978c243b92d71496e168a746138af44ded4f29/cryptography-50.0.2-cp315-abi3.abi3t-manylinux_2_34_aarch64.whl", hash = "sha256:fdd28f912fccfec1846a94e2e1e8f9b0012f557f0c46fe4f3eb0d7a87afcf90b", size = 4958822, upload-time = "2026-09-30T14:44:59.639Z" },
    { url = "https://files.pythonhosted.org/packages/f2/20/196f112617fb08eb4d608a2a6c422373d46f9cc2857f38fc0667033c0899/cryptography-50.0.2-cp315-abi3.abi3t-manylinux_2_34_ppc64le.whl", hash = "sha256:cbc8738fd8526d80f35cb3a40d41f41a2e7030bb3b18b09a6778ef63d291c2fd", size = 5506351, upload-time = "2026-09-30T14:45:02.267Z" },
    { url = "https://files.pythonhosted.org/packages/24/95/83378121ef3eaaaf71d4b781577ff794acb39b9e1b87a3f156898c8497ed/cryptography-50.0.2-cp315-abi3.abi3t-manylinux_2_34_x86_64.whl", hash = "sha256:e105ab60406787da31fccc883fc0f733af1efd78f0136a4599692c4083a73d0c", size = 5000859, upload-time = "2026-09-30T14:45:05.009Z" },
    { url = "https://files.pythonhosted.org/packages/22/f7/70fd7ae4d1dbfa7ba29b02e1b9068771519a86027756510b700ce81086a8/cryptography-50.0.2-cp315-abi3.abi3t-musllinux_1_2_aarch64.whl", hash = "sha256:6f8700550aa1474a91e5dc07049c46f98b423b5b1ddd0483e0b51362eeeaf5be", size = 5092151, upload-time = "2026-09-30T15:29:15.932Z" },
    { url = "https://files.pythonhosted.org/packages/d4/be/688367b74de86984bd58d8efacfc7c9e68b89a6a22ced0fb4f38db50254a/cryptography-50.0.2-cp315-abi3.abi3t-musllinux_1_2_x86_64.whl", hash = "sha256:c71be1cbfa5cd9a41ee452acf1eccd82b2c05950358b106ec8ceb83411d1a020", size = 5286120, upload-time = "2026-09-30T15:29:18.309Z" },
    { url = "https://files.pythonhosted.org/packages/39/d1/55f8a3f2ef5d1529e16835ef10cf0fe3d559ce237b46dddc440c0bba3649/cryptography-50.0.2-cp315-abi3.abi3t-win_amd64.whl", hash = "sha256:c423ab384a46c4dff7217b2ea5ba2e11cffdeab6441acd04cf65a369caf0366c", size = 4111557, upload-time = "2026-09-30T15:29:20.155Z" },
    { url = "https://files.pythonhosted.org/packages/23/ad/ac987755d00e1e64273760228d2635ae38dae2be83e3c6e0d3289d91dec3/cryptography-50.0.2-cp39-abi3-macosx_11_0_arm64.whl", hash = "sha256:0ec5f09541743261e66e291b4a0cbf0fb2997aeaab6d9e9c740b9dba1b58d1c2", size = 3943588, upload-time = "2026-09-30T15:29:22.265Z" },
    { url = "https://files.pythonhosted.org/packages/d5/8d/6d585339bedf85d45044c85d8412dac53f2bb6f918e8b7777efba1787844/cryptography-50.0.2-cp39-abi3-manylinux2014_aarch64.manylinux_2_17_aarch64.whl", hash = "sha256:c5e67125c7dca78d199ec4e116aa93dbb83494808ecbb8211a2cb09b1bf41dbd", size = 4756166, upload-time = "2026-09-30T15:29:24.58Z" },
    { url = "https://files.pythonhosted.org/packages/bf/f1/1c1f6874e8550cfddd4b688ceb38cefb6ed15ceed224d56f133f3d88c214/cryptography-50.0.2-cp39-abi3-manylinux2014_x86_64.manylinux_2_17_x86_64.whl", hash = "sha256:ee247f5c245c9a2fe7c8e2214e295918838e44e00a45a6718451e4004219e767", size = 4749145, upload-time = "2026-09-30T15:29:26.807Z" },
    { url = "https://files.pythonhosted.org/packages/c1/63/61b15dc1a8de03fe0adbe3fd7608b3ad5c73bf50993bbcb1faaa930afe33/cryptography-50.0.2-cp39-abi3-manylinux_2_28_aarch64.whl", hash = "sha256:dfe9763530994147d9af1def057a5b9658b00e8f8fe8743d144d1e0911c2e454", size = 4763638, upload-time = "2026-09-30T15:29:28.588Z" },
    { url = "https://files.pythonhosted.org/packages/fc/35/b345bdfa40c9126df1a9d33236aa98418367931b8725f84fc3ae2b98dc59/cryptography-50.0.2-cp39-abi3-manylinux_2_28_ppc64le.whl", hash = "sha256:58ddb5a8e3179d12f19e4ea34d2d32e9d63a4baa142c875c1eb59f41b7243acd", size = 5382217, upload-time = "2026-09-30T15:29:30.589Z" },
    { url = "https://files.pythonhosted.org/packages/4f/87/ef344a9e616871f2519c22d6afcda79ddd5d35e9592d95eb6e677608d055/cryptography-50.0.2-cp39-abi3-manylinux_2_28_x86_64.whl", hash = "sha256:f21e8a22c8605750c7af886bab299a363721264061b4ac0a30efb73cfd58efc5", size = 4781387, upload-time = "2026-09-30T15:29:32.605Z" },
    { url = "https://files.pythonhosted.org/packages/90/5b/f2fdb13cd0b96f6f932c8627bb292a45f11c64d21620a8e120aee9a3b848/cryptography-50.0.2-cp39-abi3-manylinux_2_31_armv7l.whl", hash = "sha256:9c8402a82ea0dc4ceeab793db05f0fafa8ca139ca34fcde5df0f596103c74107", size = 4403790, upload-time = "2026-09-30T15:29:34.374Z" },
    { url = "https://files.pythonhosted.org/packages/bc/ce/7e4f662b1e3c393513569e402cfc85ac7da0bd3d5435e122a3140219eb2d/cryptography-50.0.2-cp39-abi3-manylinux_2_34_aarch64.whl", hash = "sha256:0ddc924c04591c2811ca024d62ecad4f7f6f08af8939c211438f48a16bd23602", size = 4764319, upload-time = "2026-09-30T15:29:36.149Z" },
    { url = "https://files.pythonhosted.org/packages/3c/3f/86ff33ce34cc0de6847fb96e035a1a760d81652e38643f617c02ad32ef7a/cryptography-50.0.2-cp39-abi3-manylinux_2_34_ppc64le.whl", hash = "sha256:a6557e5f38e065ca9fbdaf7cfc7435ecb1d113aa81a022d1b51921ee7432e227", size = 5338560, upload-time = "2026-09-30T15:29:39.053Z" },
    { url = "https://files.pythonhosted.org/packages/40/cf/6b5c8e2fd9202d98988ab7cb5cc5c991704c4ad55f492ff408e4969f83f1/cryptography-50.0.2-cp39-abi3-manylinux_2_34_x86_64.whl", hash = "sha256:1981f1db4630889b9ef7803fadef12b056f428cb6b85c27ba57b774793b6093c", size = 4780973, upload-time = "2026-09-30T15:29:41.251Z" },
    { url = "https://files.pythonhosted.org/packages/10/bf/8d6ebc7dded797bd0f0160d52188021211f011a2b164ef0ae1dac4587465/cryptography-50.0.2-cp39-abi3-musllinux_1_2_aarch64.whl", hash = "sha256:7a8701d6b584d76e909e3d305b7d126b41439876a5aaf76cddc67fc230eafa2e", size = 4897738, upload-time = "2026-09-30T15:29:43.106Z" },
    { url = "https://files.pythonhosted.org/packages/d4/aa/f3f6e0de7e6253b8baa8b2d8fb9d50924fa75cee3d4624bd4bc1208ee923/cryptography-50.0.2-cp39-abi3-musllinux_1_2_x86_64.whl", hash = "sha256:ce47f66801c20ec6c6632453bb5960fe38939e9306970b48b3a5a26de7745d94", size = 5058280, upload-time = "2026-09-30T15:29:44.827Z" },
    { url = "https://files.pythonhosted.org/packages/f6/b6/a1faf3a27ae9405fb34b1713cc73b2d8a26b04d5c561578fa2e6ef3e5bb9/cryptography-50.0.2-cp39-abi3-win_amd64.whl", hash = "sha256:4e81d95e5bafc2d6e34e4bed780e53e4d5b9a2f928573428aa4d35fbec1eb0de", size = 3854095, upload-time = "2026-09-30T15:29:46.782Z" },
]

[[package]]
name = "iniconfig"
version = "2.1.0"
source = { registry = "https://pypi.org/simple" }
sdist = { url = "https://files.pythonhosted.org/packages/f2/97/ebf4da567aa6827c909642694d71c9fcf53e5b504f2d96afea02718862f3/iniconfig-2.1.0.tar.gz", hash = "sha256:3abbd2e30b36733fee78f9c7f7308f2d0050e88f0087fd25c2645f63c773e1c7", size = 4793, upload-time = "2025-03-19T20:09:59.721Z" }
wheels = [
    { url = "https://files.pythonhosted.org/packages/2c/e1/e6716421ea10d38022b952c159d5161ca1193197fb744506875fbb87ea7b/iniconfig-2.1.0-py3-none-any.whl", hash = "sha256:9deba5723312380e77435581c6bf4935c94cbfab9b1ed33ef8d238ea168eb760", size = 6050, upload-time = "2025-03-19T20:10:01.071Z" },
]

[[package]]
name = "jmespath"
version = "1.0.1"
source = { registry = "https://pypi.org/simple" }
sdist = { url = "https://files.pythonhosted.org/packages/00/2a/e867e8531cf3e36b41201936b7fa7ba7b5702dbef42922193f05c8976cd6/jmespath-1.0.1.tar.gz", hash = "sha256:90261b206d6defd58fdd5e85f478bf633a2901798906be2ad389150c5c60edbe", size = 25843, upload-time = "2022-06-17T18:00:12.224Z" }
wheels = [
    { url = "https://files.pythonhosted.org/packages/31/b4/b9b800c45527aadd64d5b442f9b932b00648617eb5d63d2c7a6587b7cafc/jmespath-1.0.1-py3-none-any.whl", hash = "sha256:02e2e4cc71b5bcab88332eebf907519190dd9e6e82107fa7f83b1003a6252980", size = 20256, upload-time = "2022-06-17T18:00:10.251Z" },
]

[[package]]
name = "packaging"
version = "25.0"
source = { registry = "https://pypi.org/simple" }
sdist = { url = "https://files.pythonhosted.org/packages/a1/d4/1fc4078c65507b51b96ca8f8c3ba19e6a61c8253c72794544580a7b6c24d/packaging-25.0.tar.gz", hash = "sha256:d443872c98d677bf60f6a1f2f8c1cb748e8fe762d2bf9d3148b5599295b0fc4f", size = 165727, upload-time = "2025-04-19T11:48:59.673Z" }
wheels = [
    { url = "https://files.pythonhosted.org/packages/20/12/38679034af332785aac8774540895e234f4d07f7545804097de4b666afd8/packaging-25.0-py3-none-any.whl", hash = "sha256:29572ef2b1f17581046b3a2227d5c611fb25ec70ca1ba8554b24b0e69331a484", size = 66469, upload-time = "2025-04-19T11:48:57.875Z" },
]

[[package]]
name = "pluggy"
version = "1.6.0"
source = { registry = "https://pypi.org/simple" }
sdist = { url = "https://files.pythonhosted.org/packages/f9/e2/3e91f31a7d2b083fe6ef3fa267035b518369d9511ffab804f839851d2779/pluggy-1.6.0.tar.gz", hash = "sha256:7dcc130b76258d33b90f61b658791dede3486c3e6bfb003ee5c9bfb396dd22f3", size = 69412, upload-time = "2025-05-15T12:30:07.975Z" }
wheels = [
    { url = "https://files.pythonhosted.org/packages/54/20/4d324d65cc6d9205fabedc306948156824eb9f0ee1633355a8f7ec5c66bf/pluggy-1.6.0-py3-none-any.whl", hash = "sha256:e920276dd6813095e9377c0bc5566d94c932c33b27a3e3945d8389c374dd4746", size = 20538, upload-time = "2025-05-15T12:30:06.134Z" },
]

[[package]]
name = "pycparser"
version = "3.0"
source = { registry = "https://pypi.org/simple" }
sdist = { url = "https://files.pythonhosted.org/packages/1b/7d/92392ff7815c21062bea51aa7b87d45576f649f16458d78b7cf94b9ab2e6/pycparser-3.0.tar.gz", hash = "sha256:600f49d217304a5902ac3c37e1281c9fe94e4d0489de643a9504c5cdfdfc6b29", size = 103492, upload-time = "2026-01-21T14:26:51.89Z" }
wheels = [
    { url = "https://files.pythonhosted.org/packages/0c/c3/44f3fbbfa403ea2a7c779186dc20772604442dde72947e7d01069cbe98e3/pycparser-3.0-py3-none-any.whl", hash = "sha256:b727414169a36b7d524c1c3e31839a521725078d7b2ff038656844266160a992", size = 48172, upload-time = "2026-01-21T14:26:50.693Z" },
]

[[package]]
name = "pydantic"
version = "2.11.7"
source = { registry = "https://pypi.org/simple" }
dependencies = [
    { name = "annotated-types" },
    { name = "pydantic-core" },
    { name = "typing-extensions" },
    { name = "typing-inspection" },
]
sdist = { url = "https://files.pythonhosted.org/packages/00/dd/4325abf92c39ba8623b5af936ddb36ffcfe0beae70405d456ab1fb2f5b8c/pydantic-2.11.7.tar.gz", hash = "sha256:d989c3c6cb79469287b1569f7447a17848c998458d49ebe294e975b9baf0f0db", size = 788350, upload-time = "2025-06-14T08:33:17.137Z" }
wheels = [
    { url = "https://files.pythonhosted.org/packages/6a/c0/ec2b1c8712ca690e5d61979dee872603e92b8a32f94cc1b72d53beab008a/pydantic-2.11.7-py3-none-any.whl", hash = "sha256:dde5df002701f6de26248661f6835bbe296a47bf73990135c7d07ce741b9623b", size = 444782, upload-time = "2025-06-14T08:33:14.905Z" },
]

[[package]]
name = "pydantic-core"
version = "2.33.2"
source = { registry = "https://pypi.org/simple" }
dependencies = [
    { name = "typing-extensions" },
]
sdist = { url = "https://files.pythonhosted.org/packages/ad/88/5f2260bdfae97aabf98f1778d43f69574390ad787afb646292a638c923d4/pydantic_core-2.33.2.tar.gz", hash = "sha256:7cb8bc3605c29176e1b105350d2e6474142d7c1bd1d9327c4a9bdb46bf827acc", size = 435195, upload-time = "2025-04-23T18:33:52.104Z" }
wheels = [
    { url = "https://files.pythonhosted.org/packages/46/8c/99040727b41f56616573a28771b1bfa08a3d3fe74d3d513f01251f79f172/pydantic_core-2.33.2-cp313-cp313-macosx_10_12_x86_64.whl", hash = "sha256:1082dd3e2d7109ad8b7da48e1d4710c8d06c253cbc4a27c1cff4fbcaa97a9e3f", size = 2015688, upload-time = "2025-04-23T18:31:53.175Z" },
    { url = "https://files.pythonhosted.org/packages/3a/cc/5999d1eb705a6cefc31f0b4a90e9f7fc400539b1a1030529700cc1b51838/pydantic_core-2.33.2-cp313-cp313-macosx_11_0_arm64.whl", hash = "sha256:f517ca031dfc037a9c07e748cefd8d96235088b83b4f4ba8939105d20fa1dcd6", size = 1844808, upload-time = "2025-04-23T18:31:54.79Z" },
    { url = "https://files.pythonhosted.org/packages/6f/5e/a0a7b8885c98889a18b6e376f344da1ef323d270b44edf8174d6bce4d622/pydantic_core-2.33.2-cp313-cp313-manylinux_2_17_aarch64.manylinux2014_aarch64.whl", hash = "sha256:0a9f2c9dd19656823cb8250b0724ee9c60a82f3cdf68a080979d13092a3b0fef", size = 1885580, upload-time = "2025-04-23T18:31:57.393Z" },
    { url = "https://files.pythonhosted.org/packages/3b/2a/953581f343c7d11a304581156618c3f592435523dd9d79865903272c256a/pydantic_core-2.33.2-cp313-cp313-manylinux_2_17_armv7l.manylinux2014_armv7l.whl", hash = "sha256:2b0a451c263b01acebe51895bfb0e1cc842a5c666efe06cdf13846c7418caa9a", size = 1973859, upload-time = "2025-04-23T18:31:59.065Z" },
    { url = "https://files.pythonhosted.org/packages/e6/55/f1a813904771c03a3f97f676c62cca0c0a4138654107c1b61f19c644868b/pydantic_core-2.33.2-cp313-cp313-manylinux_2_17_ppc64le.manylinux2014_ppc64le.whl", hash = "sha256:1ea40a64d23faa25e62a70ad163571c0b342b8bf66d5fa612ac0dec4f069d916", size = 2120810, upload-time = "2025-04-23T18:32:00.78Z" },
    { url = "https://files.pythonhosted.org/packages/aa/c3/053389835a996e18853ba107a63caae0b9deb4a276c6b472931ea9ae6e48/pydantic_core-2.33.2-cp313-cp313-manylinux_2_17_s390x.manylinux2014_s390x.whl", hash = "sha256:0fb2d542b4d66f9470e8065c5469ec676978d625a8b7a363f07d9a501a9cb36a", size = 2676498, upload-time = "2025-04-23T18:32:02.418Z" },
    { url = "https://files.pythonhosted.org/packages/eb/3c/f4abd740877a35abade05e437245b192f9d0ffb48bbbbd708df33d3cda37/pydantic_core-2.33.2-cp313-cp313-manylinux_2_17_x86_64.manylinux2014_x86_64.whl", hash = "sha256:9fdac5d6ffa1b5a83bca06ffe7583f5576555e6c8b3a91fbd25ea7780f825f7d", size = 2000611, upload-time = "2025-04-23T18:32:04.152Z" },
    { url = "https://files.pythonhosted.org/packages/59/a7/63ef2fed1837d1121a894d0ce88439fe3e3b3e48c7543b2a4479eb99c2bd/pydantic_core-2.33.2-cp313-cp313-manylinux_2_5_i686.manylinux1_i686.whl", hash = "sha256:04a1a413977ab517154eebb2d326da71638271477d6ad87a769102f7c2488c56", size = 2107924, upload-time = "2025-04-23T18:32:06.129Z" },
    { url = "https://files.pythonhosted.org/packages/04/8f/2551964ef045669801675f1cfc3b0d74147f4901c3ffa42be2ddb1f0efc4/pydantic_core-2.33.2-cp313-cp313-musllinux_1_1_aarch64.whl", hash = "sha256:c8e7af2f4e0194c22b5b37205bfb293d166a7344a5b0d0eaccebc376546d77d5", size = 2063196, upload-time = "2025-04-23T18:32:08.178Z" },
    { url = "https://files.pythonhosted.org/packages/26/bd/d9602777e77fc6dbb0c7db9ad356e9a985825547dce5ad1d30ee04903918/pydantic_core-2.33.2-cp313-cp313-musllinux_1_1_armv7l.whl", hash = "sha256:5c92edd15cd58b3c2d34873597a1e20f13094f59cf88068adb18947df5455b4e", size = 2236389, upload-time = "2025-04-23T18:32:10.242Z" },
    { url = "https://files.pythonhosted.org/packages/42/db/0e950daa7e2230423ab342ae918a794964b053bec24ba8af013fc7c94846/pydantic_core-2.33.2-cp313-cp313-musllinux_1_1_x86_64.whl", hash = "sha256:65132b7b4a1c0beded5e057324b7e16e10910c106d43675d9bd87d4f38dde162", size = 2239223, upload-time = "2025-04-23T18:32:12.382Z" },
    { url = "https://files.pythonhosted.org/packages/58/4d/4f937099c545a8a17eb52cb67fe0447fd9a373b348ccfa9a87f141eeb00f/pydantic_core-2.33.2-cp313-cp313-win32.whl", hash = "sha256:52fb90784e0a242bb96ec53f42196a17278855b0f31ac7c3cc6f5c1ec4811849", size = 1900473, upload-time = "2025-04-23T18:32:14.034Z" },
    { url = "https://files.pythonhosted.org/packages/a0/75/4a0a9bac998d78d889def5e4ef2b065acba8cae8c93696906c3a91f310ca/pydantic_core-2.33.2-cp313-cp313-win_amd64.whl", hash = "sha256:c083a3bdd5a93dfe480f1125926afcdbf2917ae714bdb80b36d34318b2bec5d9", size = 1955269, upload-time = "2025-04-23T18:32:15.783Z" },
    { url = "https://files.pythonhosted.org/packages/f9/86/1beda0576969592f1497b4ce8e7bc8cbdf614c352426271b1b10d5f0aa64/pydantic_core-2.33.2-cp313-cp313-win_arm64.whl", hash = "sha256:e80b087132752f6b3d714f041ccf74403799d3b23a72722ea2e6ba2e892555b9", size = 1893921, upload-time = "2025-04-23T18:32:18.473Z" },
    { url = "https://files.pythonhosted.org/packages/a4/7d/e09391c2eebeab681df2b74bfe6c43422fffede8dc74187b2b0bf6fd7571/pydantic_core-2.33.2-cp313-cp313t-macosx_11_0_arm64.whl", hash = "sha256:61c18fba8e5e9db3ab908620af374db0ac1baa69f0f32df4f61ae23f15e586ac", size = 1806162, upload-time = "2025-04-23T18:32:20.188Z" },
    { url = "https://files.pythonhosted.org/packages/f1/3d/847b6b1fed9f8ed3bb95a9ad04fbd0b212e832d4f0f50ff4d9ee5a9f15cf/pydantic_core-2.33.2-cp313-cp313t-manylinux_2_17_x86_64.manylinux2014_x86_64.whl", hash = "sha256:95237e53bb015f67b63c91af7518a62a8660376a6a0db19b89acc77a4d6199f5", size = 1981560, upload-time = "2025-04-23T18:32:22.354Z" },
    { url = "https://files.pythonhosted.org/packages/6f/9a/e73262f6c6656262b5fdd723ad90f518f579b7bc8622e43a942eec53c938/pydantic_core-2.33.2-cp313-cp313t-win_amd64.whl", hash = "sha256:c2fc0a768ef76c15ab9238afa6da7f69895bb5d1ee83aeea2e3509af4472d0b9", size = 1935777, upload-time = "2025-04-23T18:32:25.088Z" },
]

[[package]]
name = "pygments"
version = "2.19.2"
source = { registry = "https://pypi.org/simple" }
sdist = { url = "https://files.pythonhosted.org/packages/b0/77/a5b8c569bf593b0140bde72ea885a803b82086995367bf2037de0159d924/pygments-2.19.2.tar.gz", hash = "sha256:636cb2477cec7f8952536970bc533bc43743542f70392ae026374600add5b887", size = 4968631, upload-time = "2025-06-21T13:39:12.283Z" }
wheels = [
    { url = "https://files.pythonhosted.org/packages/c7/21/705964c7812476f378728bdf590ca4b771ec72385c533964653c68e86bdc/pygments-2.19.2-py3-none-any.whl", hash = "sha256:86540386c03d588bb81d44bc3928634ff26449851e99741617ecb9037ee5ec0b", size = 1225217, upload-time = "2025-06-21T13:39:07.939Z" },
]

[[package]]
name = "pyjwt"
version = "2.15.1"
source = { registry = "https://pypi.org/simple" }
sdist = { url = "https://files.pythonhosted.org/packages/43/ea/5194e52748b0da83d71e082d75496eaec6e58f419f5e184786ded517e6a9/pyjwt-2.15.1.tar.gz", hash = "sha256:4f259e80cdfb6b3fc18a7de51fd1ef9ec79652f25019bae68975ca2468a34df8", size = 121252, upload-time = "2026-09-28T18:40:42.598Z" }
wheels = [
    { url = "https://files.pythonhosted.org/packages/50/ca/44de4e75f8aadc457f0634be3b542815078ded46dca30efb960edeecad6e/pyjwt-2.15.1-py3-none-any.whl", hash = "sha256:42d59d631f7768a1028a64c7ff581a9bf7519804daf91fc5b6c56e30eec5e193", size = 33860, upload-time = "2026-09-28T18:40:41.429Z" },
]

[package.optional-dependencies]
crypto = [
    { name = "cryptography" },
]

[[package]]
name = "pytest"
version = "8.4.1"
source = { registry = "https://pypi.org/simple" }
dependencies = [
    { name = "colorama", marker = "sys_platform == 'win32'" },
    { name = "iniconfig" },
    { name = "packaging" },
    { name = "pluggy" },
    { name = "pygments" },
]
sdist = { url = "https://files.pythonhosted.org/packages/08/ba/45911d754e8eba3d5a841a5ce61a65a685ff1798421ac054f85aa8747dfb/pytest-8.4.1.tar.gz", hash = "sha256:7c67fd69174877359ed9371ec3af8a3d2b04741818c51e5e99cc1742251fa93c", size = 1517714, upload-time = "2025-06-18T05:48:06.109Z" }
wheels = [
    { url = "https://files.pythonhosted.org/packages/29/16/c8a903f4c4dffe7a12843191437d7cd8e32751d5de349d45d3fe69544e87/pytest-8.4.1-py3-none-any.whl", hash = "sha256:539c70ba6fcead8e78eebbf1115e8b589e7565830d7d006a8723f19ac8a0afb7", size = 365474, upload-time = "2025-06-18T05:48:03.955Z" },
]

[[package]]
name = "pytest-asyncio"
version = "1.1.0"
source = { registry = "https://pypi.org/simple" }
dependencies = [
    { name = "pytest" },
]
sdist = { url = "https://files.pythonhosted.org/packages/4e/51/f8794af39eeb870e87a8c8068642fc07bce0c854d6865d7dd0f2a9d338c2/pytest_asyncio-1.1.0.tar.gz", hash = "sha256:796aa822981e01b68c12e4827b8697108f7205020f24b5793b3c41555dab68ea", size = 46652, upload-time = "2025-07-16T04:29:26.393Z" }
wheels = [
    { url = "https://files.pythonhosted.org/packages/c7/9d/bf86eddabf8c6c9cb1ea9a869d6873b46f105a5d292d3a6f7071f5b07935/pytest_asyncio-1.1.0-py3-none-any.whl", hash = "sha256:5fe2d69607b0bd75c656d1211f969cadba035030156745ee09e7d71740e58ecf", size = 15157, upload-time = "2025-07-16T04:29:24.929Z" },
]

[[package]]
name = "python-dateutil"
version = "2.9.0.post0"
source = { registry = "https://pypi.org/simple" }
dependencies = [
    { name = "six" },
]
sdist = { url = "https://files.pythonhosted.org/packages/66/c0/0c8b6ad9f17a802ee498c46e004a0eb49bc148f2fd230864601a86dcf6db/python-dateutil-2.9.0.post0.tar.gz", hash = "sha256:37dd54208da7e1cd875388217d5e00ebd4179249f90fb72437e91a35459a0ad3", size = 342432, upload-time = "2024-03-01T18:36:20.211Z" }
wheels = [
    { url = "https://files.pythonhosted.org/packages/ec/57/56b9bcc3c9c6a792fcbaf139543cee77261f3651ca9da0c93f5c1221264b/python_dateutil-2.9.0.post0-py2.py3-none-any.whl", hash = "sha256:a8b2bc7bffae282281c8140a97d3aa9c14da0b136dfe83f850eea9a5f7470427", size = 229892, upload-time = "2024-03-01T18:36:18.57Z" },
]

[[package]]
name = "s3transfer"
version = "0.13.1"
source = { registry = "https://pypi.org/simple" }
dependencies = [
    { name = "botocore" },
]
sdist = { url = "https://files.pythonhosted.org/packages/6d/05/d52bf1e65044b4e5e27d4e63e8d1579dbdec54fce685908ae09bc3720030/s3transfer-0.13.1.tar.gz", hash = "sha256:c3fdba22ba1bd367922f27ec8032d6a1cf5f10c934fb5d68cf60fd5a23d936cf", size = 150589, upload-time = "2025-07-18T19:22:42.31Z" }
wheels = [
    { url = "https://files.pythonhosted.org/packages/6d/4f/d073e09df851cfa251ef7840007d04db3293a0482ce607d2b993926089be/s3transfer-0.13.1-py3-none-any.whl", hash = "sha256:a981aa7429be23fe6dfc13e80e4020057cbab622b08c0315288758d67cabc724", size = 85308, upload-time = "2025-07-18T19:22:40.947Z" },
]

[[package]]
name = "six"
version = "1.17.0"
source = { registry = "https://pypi.org/simple" }
sdist = { url = "https://files.pythonhosted.org/packages/94/e7/b2c673351809dca68a0e064b6af791aa332cf192da575fd474ed7d6f16a2/six-1.17.0.tar.gz", hash = "sha256:ff70335d468e7eb6ec65b95b99d3a2836546063f63acc5171de367e834932a81", size = 34031, upload-time = "2024-12-04T17:35:28.174Z" }
wheels = [
    { url = "https://files.pythonhosted.org/packages/b7/ce/149a00dd41f10bc29e5921b496af8b574d8413afcd5e30dfa0ed46c2cc5e/six-1.17.0-py2.py3-none-any.whl", hash = "sha256:4721f391ed90541fddacab5acf947aa0d3dc7d27b2e1e8eda2be8970586c3274", size = 11050, upload-time = "2024-12-04T17:35:26.475Z" },
]

[[package]]
name = "toml"
version = "0.10.2"
source = { registry = "https://pypi.org/simple" }
sdist = { url = "https://files.pythonhosted.org/packages/be/ba/1f744cdc819428fc6b5084ec34d9b30660f6f9daaf70eead706e3203ec3c/toml-0.10.2.tar.gz", hash = "sha256:b3bda1d108d5dd99f4a20d24d9c348e91c4db7ab1b749200bded2f839ccbe68f", size = 22253, upload-time = "2020-11-01T01:40:22.204Z" }
wheels = [
    { url = "https://files.pythonhosted.org/packages/44/6f/7120676b6d73228c96e17f1f794d8ab046fc910d781c8d151120c3f1569e/toml-0.10.2-py2.py3-none-any.whl", hash = "sha256:806143ae5bfb6a3c6e736a764057db0e6a0e05e338b5630894a5f779cabb4f9b", size = 16588, upload-time = "2020-11-01T01:40:20.672Z" },
]

[[package]]
name = "typing-extensions"
version = "4.14.1"
source = { registry = "https://pypi.org/simple" }
sdist = { url = "https://files.pythonhosted.org/packages/98/5a/da40306b885cc8c09109dc2e1abd358d5684b1425678151cdaed4731c822/typing_extensions-4.14.1.tar.gz", hash = "sha256:38b39f4aeeab64884ce9f74c94263ef78f3c22467c8724005483154c26648d36", size = 107673, upload-time = "2025-07-04T13:28:34.16Z" }
wheels = [
    { url = "https://files.pythonhosted.org/packages/b5/00/d631e67a838026495268c2f6884f3711a15a9a2a96cd244fdaea53b823fb/typing_extensions-4.14.1-py3-none-any.whl", hash = "sha256:d1e1e3b58374dc93031d6eda2420a48ea44a36c2b4766a4fdeb3710755731d76", size = 43906, upload-time = "2025-07-04T13:28:32.743Z" },
]

[[package]]
name = "typing-inspection"
version = "0.4.1"
source = { registry = "https://pypi.org/simple" }
dependencies = [
    { name = "typing-extensions" },
]
sdist = { url = "https://files.pythonhosted.org/packages/f8/b1/0c11f5058406b3af7609f121aaa6b609744687f1d158b3c3a5bf4cc94238/typing_inspection-0.4.1.tar.gz", hash = "sha256:6ae134cc0203c33377d43188d4064e9b357dba58cff3185f22924610e70a9d28", size = 75726, upload-time = "2025-05-21T18:55:23.885Z" }
wheels = [
    { url = "https://files.pythonhosted.org/packages/17/69/cd203477f944c353c31bade965f880aa1061fd6bf05ded0726ca845b6ff7/typing_inspection-0.4.1-py3-none-any.whl", hash = "sha256:389055682238f53b04f7badcb49b989835495a96700ced5dab2d8feae4b26f51", size = 14552, upload-time = "2025-05-21T18:55:22.152Z" },
]

[[package]]
name = "urllib3"
version = "2.5.0"
source = { registry = "https://pypi.org/simple" }
sdist = { url = "https://files.pythonhosted.org/packages/15/22/9ee70a2574a4f4599c47dd506532914ce044817c7752a79b6a51286319bc/urllib3-2.5.0.tar.gz", hash = "sha256:3fc47733c7e419d4bc3f6b3dc2b4f890bb743906a30d56ba4a5bfa4bbff92760", size = 393185, upload-time = "2025-06-18T14:07:41.644Z" }
wheels = [
    { url = "https://files.pythonhosted.org/packages/a7/c2/fe1e52489ae3122415c51f387e221dd0773709bad6c6cdaa599e8a2c5185/urllib3-2.5.0-py3-none-any.whl", hash = "sha256:e6b01673c0fa6a13e374b50871808eb3bf7046c4b125b216f6bf1cc604cff0dc", size = 129795, upload-time = "2025-06-18T14:07:40.39Z" },
]

[[package]]
name = "wisconsin-bot"
version = "0.1.0"
source = { virtual = "." }

[package.dev-dependencies]
chat-api = [
    { name = "aws-lambda-powertools" },
    { name = "boto3" },
    { name = "pydantic" },
    { name = "pydantic-core" },
]
dev = [
    { name = "boto3" },
    { name = "pydantic" },
    { name = "pyjwt", extra = ["crypto"] },
    { name = "pytest" },
    { name = "pytest-asyncio" },
    { name = "toml" },
]
step-function-types = [
    { name = "pydantic" },
]
websocket = [
    { name = "pydantic" },
    { name = "pyjwt", extra = ["crypto"] },
]
websocket-utils = [
    { name = "pydantic" },
]

[package.metadata]

[package.metadata.requires-dev]
chat-api = [
    { name = "aws-lambda-powertools", specifier = ">=3.18.0" },
    { name = "boto3", specifier = ">=1.40.2" },
    { name = "pydantic", specifier = ">=2.11.7" },
    { name = "pydantic-core", specifier = ">=2.33.2" },
]
dev = [
    { name = "boto3", specifier = ">=1.40.7" },
    { name = "pydantic", specifier = ">=2.11.7" },
    { name = "pyjwt", extras = ["crypto"], specifier = ">=2.10.1" },
    { name = "pytest", specifier = ">=8.4.1" },
    { name = "pytest-asyncio", specifier = ">=1.1.0" },
    { name = "toml", specifier = ">=0.10.2" },
]
step-function-types = [{ name = "pydantic", specifier = ">=2.11.7" }]
websocket = [
    { name = "pydantic", specifier = ">=2.11.7" },
    { name = "pyjwt", extras = ["crypto"], specifier = ">=2.10.1" },
]
websocket-utils = [{ name = "pydantic", specifier = ">=2.11.7" }]
